
Microsoft Visual Studio Solution File, Format Version 12.00
# Visual Studio Version 17
VisualStudioVersion = 17.11.35222.181
MinimumVisualStudioVersion = 10.0.40219.1
Project("{9A19103F-16F7-4668-BE54-9A1E7A4F7556}") = "FinalDemoForms", "FinalDemoForms\FinalDemoForms.csproj", "{B9C0E248-9DC5-41E6-9470-C44A4ADA92EA}"
EndProject
Project("{9A19103F-16F7-4668-BE54-9A1E7A4F7556}") = "Data", "Data\Data.csproj", "{4AEBC42B-300A-4AE9-A57F-3C9C5D18B474}"
EndProject
Project("{FAE04EC0-301F-11D3-BF4B-00C04F79EFBC}") = "AuthServiceTests", "AuthServiceTests\AuthServiceTests.csproj", "{6AF22C7C-4306-4C4D-8DC0-D9AB8A460C71}"
EndProject
Global
	GlobalSection(SolutionConfigurationPlatforms) = preSolution
		Debug|Any CPU = Debug|Any CPU
		Release|Any CPU = Release|Any CPU
	EndGlobalSection
	GlobalSection(ProjectConfigurationPlatforms) = postSolution
		{B9C0E248-9DC5-41E6-9470-C44A4ADA92EA}.Debug|Any CPU.ActiveCfg = Debug|Any CPU
		{B9C0E248-9DC5-41E6-9470-C44A4ADA92EA}.Debug|Any CPU.Build.0 = Debug|Any CPU
		{B9C0E248-9DC5-41E6-9470-C44A4ADA92EA}.Release|Any CPU.ActiveCfg = Release|Any CPU
		{B9C0E248-9DC5-41E6-9470-C44A4ADA92EA}.Release|Any CPU.Build.0 = Release|Any CPU
		{4AEBC42B-300A-4AE9-A57F-3C9C5D18B474}.Debug|Any CPU.ActiveCfg = Debug|Any CPU
		{4AEBC42B-300A-4AE9-A57F-3C9C5D18B474}.Debug|Any CPU.Build.0 = Debug|Any CPU
		{4AEBC42B-300A-4AE9-A57F-3C9C5D18B474}.Release|Any CPU.ActiveCfg = Release|Any CPU
		{4AEBC42B-300A-4AE9-A57F-3C9C5D18B474}.Release|Any CPU.Build.0 = Release|Any CPU
		{6AF22C7C-4306-4C4D-8DC0-D9AB8A460C71}.Debug|Any CPU.ActiveCfg = Debug|Any CPU
		{6AF22C7C-4306-4C4D-8DC0-D9AB8A460C71}.Debug|Any CPU.Build.0 = Debug|Any CPU
		{6AF22C7C-4306-4C4D-8DC0-D9AB8A460C71}.Release|Any CPU.ActiveCfg = Release|Any CPU
		{6AF22C7C-4306-4C4D-8DC0-D9AB8A460C71}.Release|Any CPU.Build.0 = Release|Any CPU
	EndGlobalSection
	GlobalSection(SolutionProperties) = preSolution
		HideSolutionNode = FALSE
	EndGlobalSection
	GlobalSection(ExtensibilityGlobals) = postSolution
		SolutionGuid = {AD996150-6B7F-467C-8AC0-ED6BDF4B9183}
	EndGlobalSection
EndGlobal
